
Microsoft Visual Studio Solution File, Format Version 12.00
# Visual Studio 15
VisualStudioVersion = 15.0.28010.2050
MinimumVisualStudioVersion = 10.0.40219.1
Project("{9A19103F-16F7-4668-BE54-9A1E7A4F7556}") = "Partcipations 10.9.19", "Partcipations\Partcipations 10.9.19.csproj", "{3238BB03-C2FC-45D4-9B4B-EAF59C60A9EC}"
EndProject
Project("{FAE04EC0-301F-11D3-BF4B-00C04F79EFBC}") = "Initials", "Initials\Initials.csproj", "{4A5B2808-E5CB-4417-8932-40C3BA9BF6A1}"
EndProject
Project("{FAE04EC0-301F-11D3-BF4B-00C04F79EFBC}") = "seceret agent", "seceret agent\seceret agent.csproj", "{C0C67289-8EC1-40D2-89AD-F61DC96694E3}"
EndProject
Global
	GlobalSection(SolutionConfigurationPlatforms) = preSolution
		Debug|Any CPU = Debug|Any CPU
		Release|Any CPU = Release|Any CPU
	EndGlobalSection
	GlobalSection(ProjectConfigurationPlatforms) = postSolution
		{3238BB03-C2FC-45D4-9B4B-EAF59C60A9EC}.Debug|Any CPU.ActiveCfg = Debug|Any CPU
		{3238BB03-C2FC-45D4-9B4B-EAF59C60A9EC}.Debug|Any CPU.Build.0 = Debug|Any CPU
		{3238BB03-C2FC-45D4-9B4B-EAF59C60A9EC}.Release|Any CPU.ActiveCfg = Release|Any CPU
		{3238BB03-C2FC-45D4-9B4B-EAF59C60A9EC}.Release|Any CPU.Build.0 = Release|Any CPU
		{4A5B2808-E5CB-4417-8932-40C3BA9BF6A1}.Debug|Any CPU.ActiveCfg = Debug|Any CPU
		{4A5B2808-E5CB-4417-8932-40C3BA9BF6A1}.Debug|Any CPU.Build.0 = Debug|Any CPU
		{4A5B2808-E5CB-4417-8932-40C3BA9BF6A1}.Release|Any CPU.ActiveCfg = Release|Any CPU
		{4A5B2808-E5CB-4417-8932-40C3BA9BF6A1}.Release|Any CPU.Build.0 = Release|Any CPU
		{C0C67289-8EC1-40D2-89AD-F61DC96694E3}.Debug|Any CPU.ActiveCfg = Debug|Any CPU
		{C0C67289-8EC1-40D2-89AD-F61DC96694E3}.Debug|Any CPU.Build.0 = Debug|Any CPU
		{C0C67289-8EC1-40D2-89AD-F61DC96694E3}.Release|Any CPU.ActiveCfg = Release|Any CPU
		{C0C67289-8EC1-40D2-89AD-F61DC96694E3}.Release|Any CPU.Build.0 = Release|Any CPU
	EndGlobalSection
	GlobalSection(SolutionProperties) = preSolution
		HideSolutionNode = FALSE
	EndGlobalSection
	GlobalSection(ExtensibilityGlobals) = postSolution
		SolutionGuid = {B576888B-1E9E-4557-B581-D2370C2E0939}
	EndGlobalSection
EndGlobal
