
Microsoft Visual Studio Solution File, Format Version 12.00
# Visual Studio 15
VisualStudioVersion = 15.0.28010.2050
MinimumVisualStudioVersion = 10.0.40219.1
Project("{FAE04EC0-301F-11D3-BF4B-00C04F79EFBC}") = "10.23.19", "10.23.19\10.23.19.csproj", "{632C33D6-9B9A-4E02-8E03-A312AD5EC517}"
EndProject
Project("{FAE04EC0-301F-11D3-BF4B-00C04F79EFBC}") = "Functions Participation 10.23.19", "Functions Participation 10.23.19\Functions Participation 10.23.19.csproj", "{F3F17DBE-F624-4EE7-9BA9-BE0C9EB2196C}"
EndProject
Global
	GlobalSection(SolutionConfigurationPlatforms) = preSolution
		Debug|Any CPU = Debug|Any CPU
		Release|Any CPU = Release|Any CPU
	EndGlobalSection
	GlobalSection(ProjectConfigurationPlatforms) = postSolution
		{632C33D6-9B9A-4E02-8E03-A312AD5EC517}.Debug|Any CPU.ActiveCfg = Debug|Any CPU
		{632C33D6-9B9A-4E02-8E03-A312AD5EC517}.Debug|Any CPU.Build.0 = Debug|Any CPU
		{632C33D6-9B9A-4E02-8E03-A312AD5EC517}.Release|Any CPU.ActiveCfg = Release|Any CPU
		{632C33D6-9B9A-4E02-8E03-A312AD5EC517}.Release|Any CPU.Build.0 = Release|Any CPU
		{F3F17DBE-F624-4EE7-9BA9-BE0C9EB2196C}.Debug|Any CPU.ActiveCfg = Debug|Any CPU
		{F3F17DBE-F624-4EE7-9BA9-BE0C9EB2196C}.Debug|Any CPU.Build.0 = Debug|Any CPU
		{F3F17DBE-F624-4EE7-9BA9-BE0C9EB2196C}.Release|Any CPU.ActiveCfg = Release|Any CPU
		{F3F17DBE-F624-4EE7-9BA9-BE0C9EB2196C}.Release|Any CPU.Build.0 = Release|Any CPU
	EndGlobalSection
	GlobalSection(SolutionProperties) = preSolution
		HideSolutionNode = FALSE
	EndGlobalSection
	GlobalSection(ExtensibilityGlobals) = postSolution
		SolutionGuid = {7F4FC410-131E-4B18-B425-159B70FE50F0}
	EndGlobalSection
EndGlobal
